
Microsoft Visual Studio Solution File, Format Version 11.00
# Visual C# Express 2010
Project("{FAE04EC0-301F-11D3-BF4B-00C04F79EFBC}") = "ictbis2", "ictbis2\ictbis2.csproj", "{7C637C4F-1DEE-4360-ABD1-A78F845B937C}"
EndProject
Project("{FAE04EC0-301F-11D3-BF4B-00C04F79EFBC}") = "ictbis", "..\ictbis\ictbis\ictbis.csproj", "{DCA2C9FF-C797-40D2-B322-FB0FF532B50E}"
EndProject
Project("{FAE04EC0-301F-11D3-BF4B-00C04F79EFBC}") = "winapptaskbar", "..\winapptaskbar\winapptaskbar.csproj", "{FD9F4F79-6FA4-47DE-9827-39809F15A254}"
EndProject
Global
	GlobalSection(SolutionConfigurationPlatforms) = preSolution
		Debug|x86 = Debug|x86
		Release|x86 = Release|x86
	EndGlobalSection
	GlobalSection(ProjectConfigurationPlatforms) = postSolution
		{7C637C4F-1DEE-4360-ABD1-A78F845B937C}.Debug|x86.ActiveCfg = Debug|x86
		{7C637C4F-1DEE-4360-ABD1-A78F845B937C}.Debug|x86.Build.0 = Debug|x86
		{7C637C4F-1DEE-4360-ABD1-A78F845B937C}.Release|x86.ActiveCfg = Release|x86
		{7C637C4F-1DEE-4360-ABD1-A78F845B937C}.Release|x86.Build.0 = Release|x86
		{DCA2C9FF-C797-40D2-B322-FB0FF532B50E}.Debug|x86.ActiveCfg = Debug|x86
		{DCA2C9FF-C797-40D2-B322-FB0FF532B50E}.Debug|x86.Build.0 = Debug|x86
		{DCA2C9FF-C797-40D2-B322-FB0FF532B50E}.Release|x86.ActiveCfg = Release|x86
		{DCA2C9FF-C797-40D2-B322-FB0FF532B50E}.Release|x86.Build.0 = Release|x86
		{FD9F4F79-6FA4-47DE-9827-39809F15A254}.Debug|x86.ActiveCfg = Debug|x86
		{FD9F4F79-6FA4-47DE-9827-39809F15A254}.Debug|x86.Build.0 = Debug|x86
		{FD9F4F79-6FA4-47DE-9827-39809F15A254}.Release|x86.ActiveCfg = Release|x86
		{FD9F4F79-6FA4-47DE-9827-39809F15A254}.Release|x86.Build.0 = Release|x86
	EndGlobalSection
	GlobalSection(SolutionProperties) = preSolution
		HideSolutionNode = FALSE
	EndGlobalSection
EndGlobal
